
Microsoft Visual Studio Solution File, Format Version 12.00
# Visual Studio Version 16
VisualStudioVersion = 16.0.30611.23
MinimumVisualStudioVersion = 10.0.40219.1
Project("{FAE04EC0-301F-11D3-BF4B-00C04F79EFBC}") = "UI_CinemaComplex", "Birbou\UI_CinemaComplex.csproj", "{AE331680-AB23-4799-9CC2-17316557F48F}"
EndProject
Global
	GlobalSection(SolutionConfigurationPlatforms) = preSolution
		Debug|Any CPU = Debug|Any CPU
		Release|Any CPU = Release|Any CPU
	EndGlobalSection
	GlobalSection(ProjectConfigurationPlatforms) = postSolution
		{AE331680-AB23-4799-9CC2-17316557F48F}.Debug|Any CPU.ActiveCfg = Debug|Any CPU
		{AE331680-AB23-4799-9CC2-17316557F48F}.Debug|Any CPU.Build.0 = Debug|Any CPU
		{AE331680-AB23-4799-9CC2-17316557F48F}.Release|Any CPU.ActiveCfg = Release|Any CPU
		{AE331680-AB23-4799-9CC2-17316557F48F}.Release|Any CPU.Build.0 = Release|Any CPU
	EndGlobalSection
	GlobalSection(SolutionProperties) = preSolution
		HideSolutionNode = FALSE
	EndGlobalSection
	GlobalSection(ExtensibilityGlobals) = postSolution
		SolutionGuid = {EB7B672C-18D1-4089-9EC6-15B7BF0E85DE}
	EndGlobalSection
EndGlobal
